
Microsoft Visual Studio Solution File, Format Version 12.00
# Visual Studio Version 17
VisualStudioVersion = 17.7.34003.232
MinimumVisualStudioVersion = 10.0.40219.1
Project("{FAE04EC0-301F-11D3-BF4B-00C04F79EFBC}") = "KnowledgeMappingSystem", "KnowledgeMappingSystem\KnowledgeMappingSystem.csproj", "{E9A9C6F1-0511-47E5-B4F8-87800E4094B3}"
EndProject
Global
	GlobalSection(SolutionConfigurationPlatforms) = preSolution
		Debug|Any CPU = Debug|Any CPU
		Release|Any CPU = Release|Any CPU
	EndGlobalSection
	GlobalSection(ProjectConfigurationPlatforms) = postSolution
		{E9A9C6F1-0511-47E5-B4F8-87800E4094B3}.Debug|Any CPU.ActiveCfg = Debug|Any CPU
		{E9A9C6F1-0511-47E5-B4F8-87800E4094B3}.Debug|Any CPU.Build.0 = Debug|Any CPU
		{E9A9C6F1-0511-47E5-B4F8-87800E4094B3}.Release|Any CPU.ActiveCfg = Release|Any CPU
		{E9A9C6F1-0511-47E5-B4F8-87800E4094B3}.Release|Any CPU.Build.0 = Release|Any CPU
	EndGlobalSection
	GlobalSection(SolutionProperties) = preSolution
		HideSolutionNode = FALSE
	EndGlobalSection
	GlobalSection(ExtensibilityGlobals) = postSolution
		SolutionGuid = {2FF97A4D-742A-41C3-A376-F3C25CDC9DD5}
	EndGlobalSection
EndGlobal
